
Microsoft Visual Studio Solution File, Format Version 11.00
# Visual Studio 2010
Project("{FAE04EC0-301F-11D3-BF4B-00C04F79EFBC}") = "HtmlToText", "HtmlToText.csproj", "{54DB6BDC-F08C-4422-8FFC-0A9CE6FD87E7}"
EndProject
Global
	GlobalSection(SolutionConfigurationPlatforms) = preSolution
		Debug|x86 = Debug|x86
		Release|x86 = Release|x86
	EndGlobalSection
	GlobalSection(ProjectConfigurationPlatforms) = postSolution
		{54DB6BDC-F08C-4422-8FFC-0A9CE6FD87E7}.Debug|x86.ActiveCfg = Debug|x86
		{54DB6BDC-F08C-4422-8FFC-0A9CE6FD87E7}.Debug|x86.Build.0 = Debug|x86
		{54DB6BDC-F08C-4422-8FFC-0A9CE6FD87E7}.Release|x86.ActiveCfg = Release|x86
		{54DB6BDC-F08C-4422-8FFC-0A9CE6FD87E7}.Release|x86.Build.0 = Release|x86
	EndGlobalSection
	GlobalSection(SolutionProperties) = preSolution
		HideSolutionNode = FALSE
	EndGlobalSection
EndGlobal
